
Microsoft Visual Studio Solution File, Format Version 12.00
# Visual Studio 15
Project("{FAE04EC0-301F-11D3-BF4B-00C04F79EFBC}") = "MerryYellow.CodeAssist.Editor", "MerryYellow.CodeAssist.Editor.csproj", "{276A8726-AFB9-0ADE-1C2D-2D6BC35CD51D}"
EndProject
Project("{FAE04EC0-301F-11D3-BF4B-00C04F79EFBC}") = "Assembly-CSharp", "Assembly-CSharp.csproj", "{7094FC12-DBCA-138B-4199-3132ECBF8D5E}"
EndProject
Project("{FAE04EC0-301F-11D3-BF4B-00C04F79EFBC}") = "Assembly-CSharp-Editor", "Assembly-CSharp-Editor.csproj", "{9FD03E6A-1351-69D1-8D93-1C09D14DDB1A}"
EndProject
Global
	GlobalSection(SolutionConfigurationPlatforms) = preSolution
		Debug|Any CPU = Debug|Any CPU
		Release|Any CPU = Release|Any CPU
	EndGlobalSection
	GlobalSection(ProjectConfigurationPlatforms) = postSolution
		{276A8726-AFB9-0ADE-1C2D-2D6BC35CD51D}.Debug|Any CPU.ActiveCfg = Debug|Any CPU
		{276A8726-AFB9-0ADE-1C2D-2D6BC35CD51D}.Debug|Any CPU.Build.0 = Debug|Any CPU
		{276A8726-AFB9-0ADE-1C2D-2D6BC35CD51D}.Release|Any CPU.ActiveCfg = Release|Any CPU
		{276A8726-AFB9-0ADE-1C2D-2D6BC35CD51D}.Release|Any CPU.Build.0 = Release|Any CPU
		{7094FC12-DBCA-138B-4199-3132ECBF8D5E}.Debug|Any CPU.ActiveCfg = Debug|Any CPU
		{7094FC12-DBCA-138B-4199-3132ECBF8D5E}.Debug|Any CPU.Build.0 = Debug|Any CPU
		{7094FC12-DBCA-138B-4199-3132ECBF8D5E}.Release|Any CPU.ActiveCfg = Release|Any CPU
		{7094FC12-DBCA-138B-4199-3132ECBF8D5E}.Release|Any CPU.Build.0 = Release|Any CPU
		{9FD03E6A-1351-69D1-8D93-1C09D14DDB1A}.Debug|Any CPU.ActiveCfg = Debug|Any CPU
		{9FD03E6A-1351-69D1-8D93-1C09D14DDB1A}.Debug|Any CPU.Build.0 = Debug|Any CPU
		{9FD03E6A-1351-69D1-8D93-1C09D14DDB1A}.Release|Any CPU.ActiveCfg = Release|Any CPU
		{9FD03E6A-1351-69D1-8D93-1C09D14DDB1A}.Release|Any CPU.Build.0 = Release|Any CPU
	EndGlobalSection
	GlobalSection(SolutionProperties) = preSolution
		HideSolutionNode = FALSE
	EndGlobalSection
EndGlobal
